
Microsoft Visual Studio Solution File, Format Version 12.00
# Visual Studio 15
VisualStudioVersion = 15.0.27130.2020
MinimumVisualStudioVersion = 10.0.40219.1
Project("{8BC9CEB8-8B4A-11D0-8D11-00A0C91BC942}") = "API", "BattlecodeBots\BattlecodeBots.vcxproj", "{DEB90EAC-03B8-4084-907F-88A9A1BAFDD3}"
EndProject
Project("{8BC9CEB8-8B4A-11D0-8D11-00A0C91BC942}") = "WesleyBot", "WesleyBot\WesleyBot01.vcxproj", "{C075BB21-6E9A-40BD-9AAE-F3A4355F6C88}"
EndProject
Project("{8BC9CEB8-8B4A-11D0-8D11-00A0C91BC942}") = "JoshBot", "JoshBot\JoshBot.vcxproj", "{DB17A96E-7D49-4211-B9A0-AB4EB1D79694}"
EndProject
Project("{8BC9CEB8-8B4A-11D0-8D11-00A0C91BC942}") = "EvanBot", "EvanBot\EvanBot\EvanBot.vcxproj", "{54C6B8F6-0CA1-4943-9FD7-2199A728214E}"
EndProject
Project("{8BC9CEB8-8B4A-11D0-8D11-00A0C91BC942}") = "WesleyCBot", "WesleyCBot\WesleyCBot.vcxproj", "{ACB5C92D-3CC4-414E-AA79-8171D81598F9}"
EndProject
Global
	GlobalSection(SolutionConfigurationPlatforms) = preSolution
		Debug|x64 = Debug|x64
		Debug|x86 = Debug|x86
		Release|x64 = Release|x64
		Release|x86 = Release|x86
	EndGlobalSection
	GlobalSection(ProjectConfigurationPlatforms) = postSolution
		{DEB90EAC-03B8-4084-907F-88A9A1BAFDD3}.Debug|x64.ActiveCfg = Debug|x64
		{DEB90EAC-03B8-4084-907F-88A9A1BAFDD3}.Debug|x64.Build.0 = Debug|x64
		{DEB90EAC-03B8-4084-907F-88A9A1BAFDD3}.Debug|x86.ActiveCfg = Debug|Win32
		{DEB90EAC-03B8-4084-907F-88A9A1BAFDD3}.Debug|x86.Build.0 = Debug|Win32
		{DEB90EAC-03B8-4084-907F-88A9A1BAFDD3}.Release|x64.ActiveCfg = Release|x64
		{DEB90EAC-03B8-4084-907F-88A9A1BAFDD3}.Release|x64.Build.0 = Release|x64
		{DEB90EAC-03B8-4084-907F-88A9A1BAFDD3}.Release|x86.ActiveCfg = Release|Win32
		{DEB90EAC-03B8-4084-907F-88A9A1BAFDD3}.Release|x86.Build.0 = Release|Win32
		{C075BB21-6E9A-40BD-9AAE-F3A4355F6C88}.Debug|x64.ActiveCfg = Debug|x64
		{C075BB21-6E9A-40BD-9AAE-F3A4355F6C88}.Debug|x64.Build.0 = Debug|x64
		{C075BB21-6E9A-40BD-9AAE-F3A4355F6C88}.Debug|x86.ActiveCfg = Debug|Win32
		{C075BB21-6E9A-40BD-9AAE-F3A4355F6C88}.Debug|x86.Build.0 = Debug|Win32
		{C075BB21-6E9A-40BD-9AAE-F3A4355F6C88}.Release|x64.ActiveCfg = Release|x64
		{C075BB21-6E9A-40BD-9AAE-F3A4355F6C88}.Release|x64.Build.0 = Release|x64
		{C075BB21-6E9A-40BD-9AAE-F3A4355F6C88}.Release|x86.ActiveCfg = Release|Win32
		{C075BB21-6E9A-40BD-9AAE-F3A4355F6C88}.Release|x86.Build.0 = Release|Win32
		{DB17A96E-7D49-4211-B9A0-AB4EB1D79694}.Debug|x64.ActiveCfg = Debug|x64
		{DB17A96E-7D49-4211-B9A0-AB4EB1D79694}.Debug|x64.Build.0 = Debug|x64
		{DB17A96E-7D49-4211-B9A0-AB4EB1D79694}.Debug|x86.ActiveCfg = Debug|Win32
		{DB17A96E-7D49-4211-B9A0-AB4EB1D79694}.Debug|x86.Build.0 = Debug|Win32
		{DB17A96E-7D49-4211-B9A0-AB4EB1D79694}.Release|x64.ActiveCfg = Release|x64
		{DB17A96E-7D49-4211-B9A0-AB4EB1D79694}.Release|x64.Build.0 = Release|x64
		{DB17A96E-7D49-4211-B9A0-AB4EB1D79694}.Release|x86.ActiveCfg = Release|Win32
		{DB17A96E-7D49-4211-B9A0-AB4EB1D79694}.Release|x86.Build.0 = Release|Win32
		{54C6B8F6-0CA1-4943-9FD7-2199A728214E}.Debug|x64.ActiveCfg = Debug|x64
		{54C6B8F6-0CA1-4943-9FD7-2199A728214E}.Debug|x64.Build.0 = Debug|x64
		{54C6B8F6-0CA1-4943-9FD7-2199A728214E}.Debug|x86.ActiveCfg = Debug|Win32
		{54C6B8F6-0CA1-4943-9FD7-2199A728214E}.Debug|x86.Build.0 = Debug|Win32
		{54C6B8F6-0CA1-4943-9FD7-2199A728214E}.Release|x64.ActiveCfg = Release|x64
		{54C6B8F6-0CA1-4943-9FD7-2199A728214E}.Release|x64.Build.0 = Release|x64
		{54C6B8F6-0CA1-4943-9FD7-2199A728214E}.Release|x86.ActiveCfg = Release|Win32
		{54C6B8F6-0CA1-4943-9FD7-2199A728214E}.Release|x86.Build.0 = Release|Win32
		{ACB5C92D-3CC4-414E-AA79-8171D81598F9}.Debug|x64.ActiveCfg = Debug|x64
		{ACB5C92D-3CC4-414E-AA79-8171D81598F9}.Debug|x64.Build.0 = Debug|x64
		{ACB5C92D-3CC4-414E-AA79-8171D81598F9}.Debug|x86.ActiveCfg = Debug|Win32
		{ACB5C92D-3CC4-414E-AA79-8171D81598F9}.Debug|x86.Build.0 = Debug|Win32
		{ACB5C92D-3CC4-414E-AA79-8171D81598F9}.Release|x64.ActiveCfg = Release|x64
		{ACB5C92D-3CC4-414E-AA79-8171D81598F9}.Release|x64.Build.0 = Release|x64
		{ACB5C92D-3CC4-414E-AA79-8171D81598F9}.Release|x86.ActiveCfg = Release|Win32
		{ACB5C92D-3CC4-414E-AA79-8171D81598F9}.Release|x86.Build.0 = Release|Win32
	EndGlobalSection
	GlobalSection(SolutionProperties) = preSolution
		HideSolutionNode = FALSE
	EndGlobalSection
	GlobalSection(ExtensibilityGlobals) = postSolution
		SolutionGuid = {29BA81BA-3F6D-4760-97D3-D6836444C8B1}
	EndGlobalSection
EndGlobal
