
Microsoft Visual Studio Solution File, Format Version 12.00
# Visual Studio 15
VisualStudioVersion = 15.0.26730.16
MinimumVisualStudioVersion = 10.0.40219.1
Project("{8BC9CEB8-8B4A-11D0-8D11-00A0C91BC942}") = "MAY I live forever", "MAY I live forever\MAY I live forever.vcxproj", "{7FBB7BDA-7A63-4435-8AA5-B688E81C92CC}"
EndProject
Project("{8BC9CEB8-8B4A-11D0-8D11-00A0C91BC942}") = "TestPegboard", "TestPegboard\TestPegboard.vcxproj", "{678BACDD-9CEA-4D52-A44F-98788A4416B8}"
EndProject
Project("{8BC9CEB8-8B4A-11D0-8D11-00A0C91BC942}") = "TestResearch", "TestResearch\TestResearch.vcxproj", "{B1EBA802-2B47-4E6E-B5A5-FD5F441A6760}"
EndProject
Project("{8BC9CEB8-8B4A-11D0-8D11-00A0C91BC942}") = "WesleyCBot", "WesleyCBot\WesleyCBot.vcxproj", "{ACB5C92D-3CC4-414E-AA79-8171D81598F9}"
EndProject
Global
	GlobalSection(SolutionConfigurationPlatforms) = preSolution
		Debug|x64 = Debug|x64
		Debug|x86 = Debug|x86
		Release|x64 = Release|x64
		Release|x86 = Release|x86
	EndGlobalSection
	GlobalSection(ProjectConfigurationPlatforms) = postSolution
		{7FBB7BDA-7A63-4435-8AA5-B688E81C92CC}.Debug|x64.ActiveCfg = Debug|x64
		{7FBB7BDA-7A63-4435-8AA5-B688E81C92CC}.Debug|x64.Build.0 = Debug|x64
		{7FBB7BDA-7A63-4435-8AA5-B688E81C92CC}.Debug|x86.ActiveCfg = Debug|Win32
		{7FBB7BDA-7A63-4435-8AA5-B688E81C92CC}.Debug|x86.Build.0 = Debug|Win32
		{7FBB7BDA-7A63-4435-8AA5-B688E81C92CC}.Release|x64.ActiveCfg = Release|x64
		{7FBB7BDA-7A63-4435-8AA5-B688E81C92CC}.Release|x64.Build.0 = Release|x64
		{7FBB7BDA-7A63-4435-8AA5-B688E81C92CC}.Release|x86.ActiveCfg = Release|Win32
		{7FBB7BDA-7A63-4435-8AA5-B688E81C92CC}.Release|x86.Build.0 = Release|Win32
		{678BACDD-9CEA-4D52-A44F-98788A4416B8}.Debug|x64.ActiveCfg = Debug|x64
		{678BACDD-9CEA-4D52-A44F-98788A4416B8}.Debug|x64.Build.0 = Debug|x64
		{678BACDD-9CEA-4D52-A44F-98788A4416B8}.Debug|x86.ActiveCfg = Debug|Win32
		{678BACDD-9CEA-4D52-A44F-98788A4416B8}.Debug|x86.Build.0 = Debug|Win32
		{678BACDD-9CEA-4D52-A44F-98788A4416B8}.Release|x64.ActiveCfg = Release|x64
		{678BACDD-9CEA-4D52-A44F-98788A4416B8}.Release|x64.Build.0 = Release|x64
		{678BACDD-9CEA-4D52-A44F-98788A4416B8}.Release|x86.ActiveCfg = Release|Win32
		{678BACDD-9CEA-4D52-A44F-98788A4416B8}.Release|x86.Build.0 = Release|Win32
		{B1EBA802-2B47-4E6E-B5A5-FD5F441A6760}.Debug|x64.ActiveCfg = Debug|x64
		{B1EBA802-2B47-4E6E-B5A5-FD5F441A6760}.Debug|x64.Build.0 = Debug|x64
		{B1EBA802-2B47-4E6E-B5A5-FD5F441A6760}.Debug|x86.ActiveCfg = Debug|Win32
		{B1EBA802-2B47-4E6E-B5A5-FD5F441A6760}.Debug|x86.Build.0 = Debug|Win32
		{B1EBA802-2B47-4E6E-B5A5-FD5F441A6760}.Release|x64.ActiveCfg = Release|x64
		{B1EBA802-2B47-4E6E-B5A5-FD5F441A6760}.Release|x64.Build.0 = Release|x64
		{B1EBA802-2B47-4E6E-B5A5-FD5F441A6760}.Release|x86.ActiveCfg = Release|Win32
		{B1EBA802-2B47-4E6E-B5A5-FD5F441A6760}.Release|x86.Build.0 = Release|Win32
		{ACB5C92D-3CC4-414E-AA79-8171D81598F9}.Debug|x64.ActiveCfg = Debug|x64
		{ACB5C92D-3CC4-414E-AA79-8171D81598F9}.Debug|x64.Build.0 = Debug|x64
		{ACB5C92D-3CC4-414E-AA79-8171D81598F9}.Debug|x86.ActiveCfg = Debug|Win32
		{ACB5C92D-3CC4-414E-AA79-8171D81598F9}.Debug|x86.Build.0 = Debug|Win32
		{ACB5C92D-3CC4-414E-AA79-8171D81598F9}.Release|x64.ActiveCfg = Release|x64
		{ACB5C92D-3CC4-414E-AA79-8171D81598F9}.Release|x64.Build.0 = Release|x64
		{ACB5C92D-3CC4-414E-AA79-8171D81598F9}.Release|x86.ActiveCfg = Release|Win32
		{ACB5C92D-3CC4-414E-AA79-8171D81598F9}.Release|x86.Build.0 = Release|Win32
	EndGlobalSection
	GlobalSection(SolutionProperties) = preSolution
		HideSolutionNode = FALSE
	EndGlobalSection
	GlobalSection(ExtensibilityGlobals) = postSolution
		SolutionGuid = {29BA81BA-3F6D-4760-97D3-D6836444C8B1}
	EndGlobalSection
EndGlobal
