<?xml version="1.0" encoding="utf-8"?>
<Project ToolsVersion="4.0" xmlns="http://schemas.microsoft.com/developer/msbuild/2003">
  <ItemGroup>
    <Filter Include="Wrapper">
      <UniqueIdentifier>{cc057539-d5e7-4409-b409-29c6ce41521e}</UniqueIdentifier>
    </Filter>
    <Filter Include="Util">
      <UniqueIdentifier>{db4018d4-5cd1-4aa7-8a0a-9e929f9718f8}</UniqueIdentifier>
    </Filter>
    <Filter Include="Controller">
      <UniqueIdentifier>{41b0cc3d-1322-4390-bf38-c37cf270c597}</UniqueIdentifier>
    </Filter>
    <Filter Include="Pathfinding">
      <UniqueIdentifier>{0c41907b-1df6-4b66-8501-bad9e8474d75}</UniqueIdentifier>
    </Filter>
  </ItemGroup>
  <ItemGroup>
    <ClCompile Include="AsteroidPattern.cpp">
      <Filter>Wrapper</Filter>
    </ClCompile>
    <ClCompile Include="AsteroidStrike.cpp">
      <Filter>Wrapper</Filter>
    </ClCompile>
    <ClCompile Include="Factory.cpp">
      <Filter>Wrapper</Filter>
    </ClCompile>
    <ClCompile Include="GameController.cpp">
      <Filter>Wrapper</Filter>
    </ClCompile>
    <ClCompile Include="Healer.cpp">
      <Filter>Wrapper</Filter>
    </ClCompile>
    <ClCompile Include="Knight.cpp">
      <Filter>Wrapper</Filter>
    </ClCompile>
    <ClCompile Include="Location.cpp">
      <Filter>Wrapper</Filter>
    </ClCompile>
    <ClCompile Include="Mage.cpp">
      <Filter>Wrapper</Filter>
    </ClCompile>
    <ClCompile Include="MapLocation.cpp">
      <Filter>Wrapper</Filter>
    </ClCompile>
    <ClCompile Include="OrbitPattern.cpp">
      <Filter>Wrapper</Filter>
    </ClCompile>
    <ClCompile Include="PlanetMap.cpp">
      <Filter>Wrapper</Filter>
    </ClCompile>
    <ClCompile Include="Ranger.cpp">
      <Filter>Wrapper</Filter>
    </ClCompile>
    <ClCompile Include="Robot.cpp">
      <Filter>Wrapper</Filter>
    </ClCompile>
    <ClCompile Include="Rocket.cpp">
      <Filter>Wrapper</Filter>
    </ClCompile>
    <ClCompile Include="Structure.cpp">
      <Filter>Wrapper</Filter>
    </ClCompile>
    <ClCompile Include="TeamArray.cpp">
      <Filter>Wrapper</Filter>
    </ClCompile>
    <ClCompile Include="Unit.cpp">
      <Filter>Wrapper</Filter>
    </ClCompile>
    <ClCompile Include="VecUnit.cpp">
      <Filter>Wrapper</Filter>
    </ClCompile>
    <ClCompile Include="Worker.cpp">
      <Filter>Wrapper</Filter>
    </ClCompile>
    <ClCompile Include="Science.cpp">
      <Filter>Util</Filter>
    </ClCompile>
    <ClCompile Include="Pathfind.cpp">
      <Filter>Pathfinding</Filter>
    </ClCompile>
    <ClCompile Include="AttackCoordinator.cpp">
      <Filter>Controller</Filter>
    </ClCompile>
    <ClCompile Include="Utility.cpp">
      <Filter>Wrapper</Filter>
    </ClCompile>
    <ClCompile Include="Pegboard.cpp">
      <Filter>Controller</Filter>
    </ClCompile>
    <ClCompile Include="CombatOverlord.cpp">
      <Filter>Controller</Filter>
    </ClCompile>
    <ClCompile Include="MapUtil.cpp">
      <Filter>Util</Filter>
    </ClCompile>
    <ClCompile Include="Section.cpp">
      <Filter>Util</Filter>
    </ClCompile>
    <ClCompile Include="main.cpp" />
    <ClCompile Include="BuilderOverlord.cpp">
      <Filter>Controller</Filter>
    </ClCompile>
    <ClCompile Include="PlayerData.cpp">
      <Filter>Util</Filter>
    </ClCompile>
    <ClCompile Include="PolicyOverlord.cpp">
      <Filter>Controller</Filter>
    </ClCompile>
    <ClCompile Include="Policy.cpp">
      <Filter>Controller</Filter>
    </ClCompile>
    <ClCompile Include="Region.cpp">
      <Filter>Util</Filter>
    </ClCompile>
    <ClCompile Include="InfluenceMap.cpp">
      <Filter>Util</Filter>
    </ClCompile>
  </ItemGroup>
  <ItemGroup>
    <ClInclude Include="AsteroidPattern.h">
      <Filter>Wrapper</Filter>
    </ClInclude>
    <ClInclude Include="AsteroidStrike.h">
      <Filter>Wrapper</Filter>
    </ClInclude>
    <ClInclude Include="Constants.h">
      <Filter>Wrapper</Filter>
    </ClInclude>
    <ClInclude Include="Factory.h">
      <Filter>Wrapper</Filter>
    </ClInclude>
    <ClInclude Include="GameController.h">
      <Filter>Wrapper</Filter>
    </ClInclude>
    <ClInclude Include="Healer.h">
      <Filter>Wrapper</Filter>
    </ClInclude>
    <ClInclude Include="Knight.h">
      <Filter>Wrapper</Filter>
    </ClInclude>
    <ClInclude Include="Location.h">
      <Filter>Wrapper</Filter>
    </ClInclude>
    <ClInclude Include="Log.h">
      <Filter>Wrapper</Filter>
    </ClInclude>
    <ClInclude Include="Mage.h">
      <Filter>Wrapper</Filter>
    </ClInclude>
    <ClInclude Include="MapLocation.h">
      <Filter>Wrapper</Filter>
    </ClInclude>
    <ClInclude Include="OrbitPattern.h">
      <Filter>Wrapper</Filter>
    </ClInclude>
    <ClInclude Include="PlanetMap.h">
      <Filter>Wrapper</Filter>
    </ClInclude>
    <ClInclude Include="Ranger.h">
      <Filter>Wrapper</Filter>
    </ClInclude>
    <ClInclude Include="Robot.h">
      <Filter>Wrapper</Filter>
    </ClInclude>
    <ClInclude Include="Rocket.h">
      <Filter>Wrapper</Filter>
    </ClInclude>
    <ClInclude Include="Structure.h">
      <Filter>Wrapper</Filter>
    </ClInclude>
    <ClInclude Include="TeamArray.h">
      <Filter>Wrapper</Filter>
    </ClInclude>
    <ClInclude Include="Unit.h">
      <Filter>Wrapper</Filter>
    </ClInclude>
    <ClInclude Include="VecUnit.h">
      <Filter>Wrapper</Filter>
    </ClInclude>
    <ClInclude Include="Worker.h">
      <Filter>Wrapper</Filter>
    </ClInclude>
    <ClInclude Include="Science.h">
      <Filter>Util</Filter>
    </ClInclude>
    <ClInclude Include="bc.h" />
    <ClInclude Include="Pathfind.h">
      <Filter>Pathfinding</Filter>
    </ClInclude>
    <ClInclude Include="AttackCoordinator.h">
      <Filter>Controller</Filter>
    </ClInclude>
    <ClInclude Include="Utility.h">
      <Filter>Wrapper</Filter>
    </ClInclude>
    <ClInclude Include="Pegboard.h">
      <Filter>Controller</Filter>
    </ClInclude>
    <ClInclude Include="CombatOverlord.h">
      <Filter>Controller</Filter>
    </ClInclude>
    <ClInclude Include="MapUtil.h">
      <Filter>Util</Filter>
    </ClInclude>
    <ClInclude Include="Section.h">
      <Filter>Util</Filter>
    </ClInclude>
    <ClInclude Include="BuilderOverlord.h">
      <Filter>Controller</Filter>
    </ClInclude>
    <ClInclude Include="PlayerData.h">
      <Filter>Util</Filter>
    </ClInclude>
    <ClInclude Include="PolicyOverlord.h">
      <Filter>Controller</Filter>
    </ClInclude>
    <ClInclude Include="UnitPolicies.h">
      <Filter>Controller</Filter>
    </ClInclude>
    <ClInclude Include="Policy.h">
      <Filter>Controller</Filter>
    </ClInclude>
    <ClInclude Include="Region.h">
      <Filter>Util</Filter>
    </ClInclude>
    <ClInclude Include="InfluenceMap.h">
      <Filter>Util</Filter>
    </ClInclude>
  </ItemGroup>
  <ItemGroup>
    <None Include="Notes.txt.obj">
      <Filter>Util</Filter>
    </None>
  </ItemGroup>
</Project>